
Microsoft Visual Studio Solution File, Format Version 12.00
# Visual Studio Version 17
VisualStudioVersion = 17.2.32519.379
MinimumVisualStudioVersion = 10.0.40219.1
Project("{2150E333-8FDC-42A3-9474-1A3956D46DE8}") = "Test", "Test", "{BF604B02-EA9B-4EE8-A7F0-EDD07B387082}"
EndProject
Project("{2150E333-8FDC-42A3-9474-1A3956D46DE8}") = "Src", "Src", "{076B77A3-2483-43F0-9675-10B06DD3A6E6}"
EndProject
Project("{2150E333-8FDC-42A3-9474-1A3956D46DE8}") = "Core", "Core", "{774CCD7D-ED3B-4D75-8A7F-CEFC745765DB}"
EndProject
Project("{2150E333-8FDC-42A3-9474-1A3956D46DE8}") = "API", "API", "{98BEA6C6-7D0C-4A74-86D3-804C1C4A952A}"
EndProject
Project("{9A19103F-16F7-4668-BE54-9A1E7A4F7556}") = "Webshop.Catalog.Application", "Webshop.Catalog.Application\Webshop.Catalog.Application.csproj", "{BB4065A0-4F12-4A4F-AB3A-02F5EDBDC364}"
EndProject
Project("{9A19103F-16F7-4668-BE54-9A1E7A4F7556}") = "Webshop.Application", "Webshop.Application\Webshop.Application.csproj", "{A30CBE0D-AC3B-42DA-9B2C-A2720CF93E18}"
EndProject
Project("{9A19103F-16F7-4668-BE54-9A1E7A4F7556}") = "Webshop.Domain", "Webshop.Domain\Webshop.Domain.csproj", "{E9E74BD8-9237-4CB9-B467-71D693A2EBA9}"
EndProject
Project("{2150E333-8FDC-42A3-9474-1A3956D46DE8}") = "Infrastructure", "Infrastructure", "{1E6BED77-EB85-4EC8-BE0F-7E8A57F3D4AF}"
EndProject
Project("{2150E333-8FDC-42A3-9474-1A3956D46DE8}") = "Database Seed", "Database Seed", "{9D03B617-1222-4FAA-8C4F-C2F7430FC496}"
	ProjectSection(SolutionItems) = preProject
		Category.sql = Category.sql
		Order.sql = Order.sql
		OrderLine.sql = OrderLine.sql
		Product.sql = Product.sql
		ProductCategory.sql = ProductCategory.sql
		Seed Demo Users.sql = Seed Demo Users.sql
		User.sql = User.sql
	EndProjectSection
EndProject
Project("{9A19103F-16F7-4668-BE54-9A1E7A4F7556}") = "Webshop.Catalog.Domain", "Webshop.Catalog.Domain\Webshop.Catalog.Domain.csproj", "{92C95CBF-34E1-446C-8A6A-C35CB02C1036}"
EndProject
Project("{9A19103F-16F7-4668-BE54-9A1E7A4F7556}") = "Webshop.Catalog.Api", "Webshop.Catalog.Api\Webshop.Catalog.Api.csproj", "{22054235-5C0C-402B-A353-082290E07760}"
EndProject
Project("{9A19103F-16F7-4668-BE54-9A1E7A4F7556}") = "Webshop.Catalog.Persistence", "Webshop.Catalog.Persistence\Webshop.Catalog.Persistence.csproj", "{CB696684-000D-40B3-9B3A-CE33027A6F86}"
EndProject
Project("{9A19103F-16F7-4668-BE54-9A1E7A4F7556}") = "Webshop.Data.Persistence", "Webshop.Data.Persistence\Webshop.Data.Persistence.csproj", "{3A7E7069-45EC-4D5E-AA5F-2B914EF73113}"
EndProject
Project("{9A19103F-16F7-4668-BE54-9A1E7A4F7556}") = "Webshop.Payment.Api", "Webshop.Payment.Api\Webshop.Payment.Api.csproj", "{EC37B594-F591-415B-BD9C-A9AE82FD24AC}"
EndProject
Project("{9A19103F-16F7-4668-BE54-9A1E7A4F7556}") = "Webshop.Payment.Test", "Webshop.Payment.Test\Webshop.Payment.Test.csproj", "{9105EC15-95E5-47D6-8BDD-0684CD9EF880}"
EndProject
Project("{2150E333-8FDC-42A3-9474-1A3956D46DE8}") = "Docker", "Docker", "{75AFF816-1819-450B-8D19-E4CBD80530B0}"
	ProjectSection(SolutionItems) = preProject
		docker-compose.yml = docker-compose.yml
	EndProjectSection
EndProject
Project("{9A19103F-16F7-4668-BE54-9A1E7A4F7556}") = "Webshop.Help", "Webshop.Help\Webshop.Help.csproj", "{9A5052E1-74A6-45D4-9EEE-046F3D0D21FA}"
EndProject
Project("{9A19103F-16F7-4668-BE54-9A1E7A4F7556}") = "Webshop.Catalog.Application.Test", "Webshop.Catalog.Application.Test\Webshop.Catalog.Application.Test.csproj", "{854FE61B-35AA-4526-87A9-F5821ACDCD6A}"
EndProject
Project("{9A19103F-16F7-4668-BE54-9A1E7A4F7556}") = "Webshop.Order.Persistence", "Webshop.Order.Persistence\Webshop.Order.Persistence.csproj", "{1EA18814-FC82-4C00-86DF-6E118C7CEA93}"
EndProject
Project("{9A19103F-16F7-4668-BE54-9A1E7A4F7556}") = "Webshop.Order.Application", "Webshop.Order.Application\Webshop.Order.Application.csproj", "{DFA0E232-BCBA-4E9A-BCDC-82EB0319FFEC}"
EndProject
Project("{9A19103F-16F7-4668-BE54-9A1E7A4F7556}") = "Webshop.Order.Domain", "Webshop.Order.Domain\Webshop.Order.Domain.csproj", "{15A5130D-C88E-4F91-B16C-4D52ECA92056}"
EndProject
Project("{9A19103F-16F7-4668-BE54-9A1E7A4F7556}") = "Webshop.Order.Api", "Webshop.Order.Api\Webshop.Order.Api.csproj", "{2DEC47E5-5C74-4A4E-9F9C-4B978D89F048}"
EndProject
Project("{9A19103F-16F7-4668-BE54-9A1E7A4F7556}") = "Webshop.Order.Application.Test", "Webshop.Order.Application.Test\Webshop.Order.Application.Test.csproj", "{FA4AFE07-8945-4077-8AD1-7DDBF87279D5}"
EndProject
Project("{9A19103F-16F7-4668-BE54-9A1E7A4F7556}") = "Webshop.User.Application", "Webshop.User.Application\Webshop.User.Application.csproj", "{D5163766-8B18-40FE-9956-6C22B2707F5B}"
EndProject
Project("{9A19103F-16F7-4668-BE54-9A1E7A4F7556}") = "Webshop.User.Api", "Webshop.User.Api\Webshop.User.Api.csproj", "{1CFDF3F9-26A4-4630-8D91-C444B626FFF2}"
EndProject
Project("{9A19103F-16F7-4668-BE54-9A1E7A4F7556}") = "Webshop.User.Application.Test", "Webshop.User.Application.Test\Webshop.User.Application.Test.csproj", "{5C9D9CB9-6B1B-4449-9CB6-45215E451D38}"
EndProject
Project("{9A19103F-16F7-4668-BE54-9A1E7A4F7556}") = "Webshop.User.Persistence", "Webshop.User.Persistence\Webshop.User.Persistence.csproj", "{9BA437AA-9680-4FC0-B81D-26F6D8598C90}"
EndProject
Project("{FAE04EC0-301F-11D3-BF4B-00C04F79EFBC}") = "Webshop.User.Domain", "Webshop.User.Domain\Webshop.User.Domain.csproj", "{9B9176C2-1A25-4E39-A22F-D4A76E2CDF1F}"
EndProject
Global
	GlobalSection(SolutionConfigurationPlatforms) = preSolution
		Debug|Any CPU = Debug|Any CPU
		Release|Any CPU = Release|Any CPU
	EndGlobalSection
	GlobalSection(ProjectConfigurationPlatforms) = postSolution
		{BB4065A0-4F12-4A4F-AB3A-02F5EDBDC364}.Debug|Any CPU.ActiveCfg = Debug|Any CPU
		{BB4065A0-4F12-4A4F-AB3A-02F5EDBDC364}.Debug|Any CPU.Build.0 = Debug|Any CPU
		{BB4065A0-4F12-4A4F-AB3A-02F5EDBDC364}.Release|Any CPU.ActiveCfg = Release|Any CPU
		{BB4065A0-4F12-4A4F-AB3A-02F5EDBDC364}.Release|Any CPU.Build.0 = Release|Any CPU
		{A30CBE0D-AC3B-42DA-9B2C-A2720CF93E18}.Debug|Any CPU.ActiveCfg = Debug|Any CPU
		{A30CBE0D-AC3B-42DA-9B2C-A2720CF93E18}.Debug|Any CPU.Build.0 = Debug|Any CPU
		{A30CBE0D-AC3B-42DA-9B2C-A2720CF93E18}.Release|Any CPU.ActiveCfg = Release|Any CPU
		{A30CBE0D-AC3B-42DA-9B2C-A2720CF93E18}.Release|Any CPU.Build.0 = Release|Any CPU
		{E9E74BD8-9237-4CB9-B467-71D693A2EBA9}.Debug|Any CPU.ActiveCfg = Debug|Any CPU
		{E9E74BD8-9237-4CB9-B467-71D693A2EBA9}.Debug|Any CPU.Build.0 = Debug|Any CPU
		{E9E74BD8-9237-4CB9-B467-71D693A2EBA9}.Release|Any CPU.ActiveCfg = Release|Any CPU
		{E9E74BD8-9237-4CB9-B467-71D693A2EBA9}.Release|Any CPU.Build.0 = Release|Any CPU
		{92C95CBF-34E1-446C-8A6A-C35CB02C1036}.Debug|Any CPU.ActiveCfg = Debug|Any CPU
		{92C95CBF-34E1-446C-8A6A-C35CB02C1036}.Debug|Any CPU.Build.0 = Debug|Any CPU
		{92C95CBF-34E1-446C-8A6A-C35CB02C1036}.Release|Any CPU.ActiveCfg = Release|Any CPU
		{92C95CBF-34E1-446C-8A6A-C35CB02C1036}.Release|Any CPU.Build.0 = Release|Any CPU
		{22054235-5C0C-402B-A353-082290E07760}.Debug|Any CPU.ActiveCfg = Debug|Any CPU
		{22054235-5C0C-402B-A353-082290E07760}.Debug|Any CPU.Build.0 = Debug|Any CPU
		{22054235-5C0C-402B-A353-082290E07760}.Release|Any CPU.ActiveCfg = Release|Any CPU
		{22054235-5C0C-402B-A353-082290E07760}.Release|Any CPU.Build.0 = Release|Any CPU
		{CB696684-000D-40B3-9B3A-CE33027A6F86}.Debug|Any CPU.ActiveCfg = Debug|Any CPU
		{CB696684-000D-40B3-9B3A-CE33027A6F86}.Debug|Any CPU.Build.0 = Debug|Any CPU
		{CB696684-000D-40B3-9B3A-CE33027A6F86}.Release|Any CPU.ActiveCfg = Release|Any CPU
		{CB696684-000D-40B3-9B3A-CE33027A6F86}.Release|Any CPU.Build.0 = Release|Any CPU
		{3A7E7069-45EC-4D5E-AA5F-2B914EF73113}.Debug|Any CPU.ActiveCfg = Debug|Any CPU
		{3A7E7069-45EC-4D5E-AA5F-2B914EF73113}.Debug|Any CPU.Build.0 = Debug|Any CPU
		{3A7E7069-45EC-4D5E-AA5F-2B914EF73113}.Release|Any CPU.ActiveCfg = Release|Any CPU
		{3A7E7069-45EC-4D5E-AA5F-2B914EF73113}.Release|Any CPU.Build.0 = Release|Any CPU
		{EC37B594-F591-415B-BD9C-A9AE82FD24AC}.Debug|Any CPU.ActiveCfg = Debug|Any CPU
		{EC37B594-F591-415B-BD9C-A9AE82FD24AC}.Debug|Any CPU.Build.0 = Debug|Any CPU
		{EC37B594-F591-415B-BD9C-A9AE82FD24AC}.Release|Any CPU.ActiveCfg = Release|Any CPU
		{EC37B594-F591-415B-BD9C-A9AE82FD24AC}.Release|Any CPU.Build.0 = Release|Any CPU
		{9105EC15-95E5-47D6-8BDD-0684CD9EF880}.Debug|Any CPU.ActiveCfg = Debug|Any CPU
		{9105EC15-95E5-47D6-8BDD-0684CD9EF880}.Debug|Any CPU.Build.0 = Debug|Any CPU
		{9105EC15-95E5-47D6-8BDD-0684CD9EF880}.Release|Any CPU.ActiveCfg = Release|Any CPU
		{9105EC15-95E5-47D6-8BDD-0684CD9EF880}.Release|Any CPU.Build.0 = Release|Any CPU
		{9A5052E1-74A6-45D4-9EEE-046F3D0D21FA}.Debug|Any CPU.ActiveCfg = Debug|Any CPU
		{9A5052E1-74A6-45D4-9EEE-046F3D0D21FA}.Debug|Any CPU.Build.0 = Debug|Any CPU
		{9A5052E1-74A6-45D4-9EEE-046F3D0D21FA}.Release|Any CPU.ActiveCfg = Release|Any CPU
		{9A5052E1-74A6-45D4-9EEE-046F3D0D21FA}.Release|Any CPU.Build.0 = Release|Any CPU
		{854FE61B-35AA-4526-87A9-F5821ACDCD6A}.Debug|Any CPU.ActiveCfg = Debug|Any CPU
		{854FE61B-35AA-4526-87A9-F5821ACDCD6A}.Debug|Any CPU.Build.0 = Debug|Any CPU
		{854FE61B-35AA-4526-87A9-F5821ACDCD6A}.Release|Any CPU.ActiveCfg = Release|Any CPU
		{854FE61B-35AA-4526-87A9-F5821ACDCD6A}.Release|Any CPU.Build.0 = Release|Any CPU
		{1EA18814-FC82-4C00-86DF-6E118C7CEA93}.Debug|Any CPU.ActiveCfg = Debug|Any CPU
		{1EA18814-FC82-4C00-86DF-6E118C7CEA93}.Debug|Any CPU.Build.0 = Debug|Any CPU
		{1EA18814-FC82-4C00-86DF-6E118C7CEA93}.Release|Any CPU.ActiveCfg = Release|Any CPU
		{1EA18814-FC82-4C00-86DF-6E118C7CEA93}.Release|Any CPU.Build.0 = Release|Any CPU
		{DFA0E232-BCBA-4E9A-BCDC-82EB0319FFEC}.Debug|Any CPU.ActiveCfg = Debug|Any CPU
		{DFA0E232-BCBA-4E9A-BCDC-82EB0319FFEC}.Debug|Any CPU.Build.0 = Debug|Any CPU
		{DFA0E232-BCBA-4E9A-BCDC-82EB0319FFEC}.Release|Any CPU.ActiveCfg = Release|Any CPU
		{DFA0E232-BCBA-4E9A-BCDC-82EB0319FFEC}.Release|Any CPU.Build.0 = Release|Any CPU
		{15A5130D-C88E-4F91-B16C-4D52ECA92056}.Debug|Any CPU.ActiveCfg = Debug|Any CPU
		{15A5130D-C88E-4F91-B16C-4D52ECA92056}.Debug|Any CPU.Build.0 = Debug|Any CPU
		{15A5130D-C88E-4F91-B16C-4D52ECA92056}.Release|Any CPU.ActiveCfg = Release|Any CPU
		{15A5130D-C88E-4F91-B16C-4D52ECA92056}.Release|Any CPU.Build.0 = Release|Any CPU
		{2DEC47E5-5C74-4A4E-9F9C-4B978D89F048}.Debug|Any CPU.ActiveCfg = Debug|Any CPU
		{2DEC47E5-5C74-4A4E-9F9C-4B978D89F048}.Debug|Any CPU.Build.0 = Debug|Any CPU
		{2DEC47E5-5C74-4A4E-9F9C-4B978D89F048}.Release|Any CPU.ActiveCfg = Release|Any CPU
		{2DEC47E5-5C74-4A4E-9F9C-4B978D89F048}.Release|Any CPU.Build.0 = Release|Any CPU
		{FA4AFE07-8945-4077-8AD1-7DDBF87279D5}.Debug|Any CPU.ActiveCfg = Debug|Any CPU
		{FA4AFE07-8945-4077-8AD1-7DDBF87279D5}.Debug|Any CPU.Build.0 = Debug|Any CPU
		{FA4AFE07-8945-4077-8AD1-7DDBF87279D5}.Release|Any CPU.ActiveCfg = Release|Any CPU
		{FA4AFE07-8945-4077-8AD1-7DDBF87279D5}.Release|Any CPU.Build.0 = Release|Any CPU
		{D5163766-8B18-40FE-9956-6C22B2707F5B}.Debug|Any CPU.ActiveCfg = Debug|Any CPU
		{D5163766-8B18-40FE-9956-6C22B2707F5B}.Debug|Any CPU.Build.0 = Debug|Any CPU
		{D5163766-8B18-40FE-9956-6C22B2707F5B}.Release|Any CPU.ActiveCfg = Release|Any CPU
		{D5163766-8B18-40FE-9956-6C22B2707F5B}.Release|Any CPU.Build.0 = Release|Any CPU
		{1CFDF3F9-26A4-4630-8D91-C444B626FFF2}.Debug|Any CPU.ActiveCfg = Debug|Any CPU
		{1CFDF3F9-26A4-4630-8D91-C444B626FFF2}.Debug|Any CPU.Build.0 = Debug|Any CPU
		{1CFDF3F9-26A4-4630-8D91-C444B626FFF2}.Release|Any CPU.ActiveCfg = Release|Any CPU
		{1CFDF3F9-26A4-4630-8D91-C444B626FFF2}.Release|Any CPU.Build.0 = Release|Any CPU
		{5C9D9CB9-6B1B-4449-9CB6-45215E451D38}.Debug|Any CPU.ActiveCfg = Debug|Any CPU
		{5C9D9CB9-6B1B-4449-9CB6-45215E451D38}.Debug|Any CPU.Build.0 = Debug|Any CPU
		{5C9D9CB9-6B1B-4449-9CB6-45215E451D38}.Release|Any CPU.ActiveCfg = Release|Any CPU
		{5C9D9CB9-6B1B-4449-9CB6-45215E451D38}.Release|Any CPU.Build.0 = Release|Any CPU
		{9BA437AA-9680-4FC0-B81D-26F6D8598C90}.Debug|Any CPU.ActiveCfg = Debug|Any CPU
		{9BA437AA-9680-4FC0-B81D-26F6D8598C90}.Debug|Any CPU.Build.0 = Debug|Any CPU
		{9BA437AA-9680-4FC0-B81D-26F6D8598C90}.Release|Any CPU.ActiveCfg = Release|Any CPU
		{9BA437AA-9680-4FC0-B81D-26F6D8598C90}.Release|Any CPU.Build.0 = Release|Any CPU
		{9B9176C2-1A25-4E39-A22F-D4A76E2CDF1F}.Debug|Any CPU.ActiveCfg = Debug|Any CPU
		{9B9176C2-1A25-4E39-A22F-D4A76E2CDF1F}.Debug|Any CPU.Build.0 = Debug|Any CPU
		{9B9176C2-1A25-4E39-A22F-D4A76E2CDF1F}.Release|Any CPU.ActiveCfg = Release|Any CPU
		{9B9176C2-1A25-4E39-A22F-D4A76E2CDF1F}.Release|Any CPU.Build.0 = Release|Any CPU
	EndGlobalSection
	GlobalSection(SolutionProperties) = preSolution
		HideSolutionNode = FALSE
	EndGlobalSection
	GlobalSection(NestedProjects) = preSolution
		{774CCD7D-ED3B-4D75-8A7F-CEFC745765DB} = {076B77A3-2483-43F0-9675-10B06DD3A6E6}
		{98BEA6C6-7D0C-4A74-86D3-804C1C4A952A} = {076B77A3-2483-43F0-9675-10B06DD3A6E6}
		{BB4065A0-4F12-4A4F-AB3A-02F5EDBDC364} = {774CCD7D-ED3B-4D75-8A7F-CEFC745765DB}
		{A30CBE0D-AC3B-42DA-9B2C-A2720CF93E18} = {774CCD7D-ED3B-4D75-8A7F-CEFC745765DB}
		{E9E74BD8-9237-4CB9-B467-71D693A2EBA9} = {774CCD7D-ED3B-4D75-8A7F-CEFC745765DB}
		{1E6BED77-EB85-4EC8-BE0F-7E8A57F3D4AF} = {076B77A3-2483-43F0-9675-10B06DD3A6E6}
		{92C95CBF-34E1-446C-8A6A-C35CB02C1036} = {774CCD7D-ED3B-4D75-8A7F-CEFC745765DB}
		{22054235-5C0C-402B-A353-082290E07760} = {98BEA6C6-7D0C-4A74-86D3-804C1C4A952A}
		{CB696684-000D-40B3-9B3A-CE33027A6F86} = {1E6BED77-EB85-4EC8-BE0F-7E8A57F3D4AF}
		{3A7E7069-45EC-4D5E-AA5F-2B914EF73113} = {1E6BED77-EB85-4EC8-BE0F-7E8A57F3D4AF}
		{EC37B594-F591-415B-BD9C-A9AE82FD24AC} = {98BEA6C6-7D0C-4A74-86D3-804C1C4A952A}
		{9105EC15-95E5-47D6-8BDD-0684CD9EF880} = {BF604B02-EA9B-4EE8-A7F0-EDD07B387082}
		{9A5052E1-74A6-45D4-9EEE-046F3D0D21FA} = {076B77A3-2483-43F0-9675-10B06DD3A6E6}
		{854FE61B-35AA-4526-87A9-F5821ACDCD6A} = {BF604B02-EA9B-4EE8-A7F0-EDD07B387082}
		{1EA18814-FC82-4C00-86DF-6E118C7CEA93} = {1E6BED77-EB85-4EC8-BE0F-7E8A57F3D4AF}
		{DFA0E232-BCBA-4E9A-BCDC-82EB0319FFEC} = {774CCD7D-ED3B-4D75-8A7F-CEFC745765DB}
		{15A5130D-C88E-4F91-B16C-4D52ECA92056} = {774CCD7D-ED3B-4D75-8A7F-CEFC745765DB}
		{2DEC47E5-5C74-4A4E-9F9C-4B978D89F048} = {98BEA6C6-7D0C-4A74-86D3-804C1C4A952A}
		{FA4AFE07-8945-4077-8AD1-7DDBF87279D5} = {BF604B02-EA9B-4EE8-A7F0-EDD07B387082}
		{D5163766-8B18-40FE-9956-6C22B2707F5B} = {774CCD7D-ED3B-4D75-8A7F-CEFC745765DB}
		{1CFDF3F9-26A4-4630-8D91-C444B626FFF2} = {98BEA6C6-7D0C-4A74-86D3-804C1C4A952A}
		{5C9D9CB9-6B1B-4449-9CB6-45215E451D38} = {BF604B02-EA9B-4EE8-A7F0-EDD07B387082}
		{9BA437AA-9680-4FC0-B81D-26F6D8598C90} = {1E6BED77-EB85-4EC8-BE0F-7E8A57F3D4AF}
		{9B9176C2-1A25-4E39-A22F-D4A76E2CDF1F} = {774CCD7D-ED3B-4D75-8A7F-CEFC745765DB}
	EndGlobalSection
	GlobalSection(ExtensibilityGlobals) = postSolution
		SolutionGuid = {822AAF83-FC8D-42BE-9726-63314F24EB10}
	EndGlobalSection
EndGlobal
